
Microsoft Visual Studio Solution File, Format Version 12.00
# Visual Studio 15
VisualStudioVersion = 15.0.28307.852
MinimumVisualStudioVersion = 10.0.40219.1
Project("{8BC9CEB8-8B4A-11D0-8D11-00A0C91BC942}") = "1065_A+B_and_C", "1065_A+B_and_C\1065_A+B_and_C.vcxproj", "{25EB19CD-FB85-4CEF-B18B-D520402438D0}"
EndProject
Global
	GlobalSection(SolutionConfigurationPlatforms) = preSolution
		Debug|x64 = Debug|x64
		Debug|x86 = Debug|x86
		Release|x64 = Release|x64
		Release|x86 = Release|x86
	EndGlobalSection
	GlobalSection(ProjectConfigurationPlatforms) = postSolution
		{25EB19CD-FB85-4CEF-B18B-D520402438D0}.Debug|x64.ActiveCfg = Debug|x64
		{25EB19CD-FB85-4CEF-B18B-D520402438D0}.Debug|x64.Build.0 = Debug|x64
		{25EB19CD-FB85-4CEF-B18B-D520402438D0}.Debug|x86.ActiveCfg = Debug|Win32
		{25EB19CD-FB85-4CEF-B18B-D520402438D0}.Debug|x86.Build.0 = Debug|Win32
		{25EB19CD-FB85-4CEF-B18B-D520402438D0}.Release|x64.ActiveCfg = Release|x64
		{25EB19CD-FB85-4CEF-B18B-D520402438D0}.Release|x64.Build.0 = Release|x64
		{25EB19CD-FB85-4CEF-B18B-D520402438D0}.Release|x86.ActiveCfg = Release|Win32
		{25EB19CD-FB85-4CEF-B18B-D520402438D0}.Release|x86.Build.0 = Release|Win32
	EndGlobalSection
	GlobalSection(SolutionProperties) = preSolution
		HideSolutionNode = FALSE
	EndGlobalSection
	GlobalSection(ExtensibilityGlobals) = postSolution
		SolutionGuid = {E219EA5E-4F51-4BAE-B618-2B3B34FC244B}
	EndGlobalSection
EndGlobal
