
Microsoft Visual Studio Solution File, Format Version 12.00
# Visual Studio 15
VisualStudioVersion = 15.0.28307.852
MinimumVisualStudioVersion = 10.0.40219.1
Project("{8BC9CEB8-8B4A-11D0-8D11-00A0C91BC942}") = "1107_Social_Clusters", "1107_Social_Clusters\1107_Social_Clusters.vcxproj", "{E8251277-9504-447F-A55B-891823A8D18D}"
EndProject
Global
	GlobalSection(SolutionConfigurationPlatforms) = preSolution
		Debug|x64 = Debug|x64
		Debug|x86 = Debug|x86
		Release|x64 = Release|x64
		Release|x86 = Release|x86
	EndGlobalSection
	GlobalSection(ProjectConfigurationPlatforms) = postSolution
		{E8251277-9504-447F-A55B-891823A8D18D}.Debug|x64.ActiveCfg = Debug|x64
		{E8251277-9504-447F-A55B-891823A8D18D}.Debug|x64.Build.0 = Debug|x64
		{E8251277-9504-447F-A55B-891823A8D18D}.Debug|x86.ActiveCfg = Debug|Win32
		{E8251277-9504-447F-A55B-891823A8D18D}.Debug|x86.Build.0 = Debug|Win32
		{E8251277-9504-447F-A55B-891823A8D18D}.Release|x64.ActiveCfg = Release|x64
		{E8251277-9504-447F-A55B-891823A8D18D}.Release|x64.Build.0 = Release|x64
		{E8251277-9504-447F-A55B-891823A8D18D}.Release|x86.ActiveCfg = Release|Win32
		{E8251277-9504-447F-A55B-891823A8D18D}.Release|x86.Build.0 = Release|Win32
	EndGlobalSection
	GlobalSection(SolutionProperties) = preSolution
		HideSolutionNode = FALSE
	EndGlobalSection
	GlobalSection(ExtensibilityGlobals) = postSolution
		SolutionGuid = {D243EE91-8531-40CD-B2D4-3FD75155011F}
	EndGlobalSection
EndGlobal
