
Microsoft Visual Studio Solution File, Format Version 12.00
# Visual Studio 15
VisualStudioVersion = 15.0.28307.852
MinimumVisualStudioVersion = 10.0.40219.1
Project("{8BC9CEB8-8B4A-11D0-8D11-00A0C91BC942}") = "1043_Is_It_a_Binary_Search_Tree", "1043_Is_It_a_Binary_Search_Tree\1043_Is_It_a_Binary_Search_Tree.vcxproj", "{F67A0528-EABD-416C-972D-DE6544CD5F8A}"
EndProject
Global
	GlobalSection(SolutionConfigurationPlatforms) = preSolution
		Debug|x64 = Debug|x64
		Debug|x86 = Debug|x86
		Release|x64 = Release|x64
		Release|x86 = Release|x86
	EndGlobalSection
	GlobalSection(ProjectConfigurationPlatforms) = postSolution
		{F67A0528-EABD-416C-972D-DE6544CD5F8A}.Debug|x64.ActiveCfg = Debug|x64
		{F67A0528-EABD-416C-972D-DE6544CD5F8A}.Debug|x64.Build.0 = Debug|x64
		{F67A0528-EABD-416C-972D-DE6544CD5F8A}.Debug|x86.ActiveCfg = Debug|Win32
		{F67A0528-EABD-416C-972D-DE6544CD5F8A}.Debug|x86.Build.0 = Debug|Win32
		{F67A0528-EABD-416C-972D-DE6544CD5F8A}.Release|x64.ActiveCfg = Release|x64
		{F67A0528-EABD-416C-972D-DE6544CD5F8A}.Release|x64.Build.0 = Release|x64
		{F67A0528-EABD-416C-972D-DE6544CD5F8A}.Release|x86.ActiveCfg = Release|Win32
		{F67A0528-EABD-416C-972D-DE6544CD5F8A}.Release|x86.Build.0 = Release|Win32
	EndGlobalSection
	GlobalSection(SolutionProperties) = preSolution
		HideSolutionNode = FALSE
	EndGlobalSection
	GlobalSection(ExtensibilityGlobals) = postSolution
		SolutionGuid = {88E4E5C7-B0FA-4981-8742-00CA2AF0E3EE}
	EndGlobalSection
EndGlobal
