
Microsoft Visual Studio Solution File, Format Version 12.00
# Visual Studio 15
VisualStudioVersion = 15.0.28307.852
MinimumVisualStudioVersion = 10.0.40219.1
Project("{8BC9CEB8-8B4A-11D0-8D11-00A0C91BC942}") = "1093_Count_PATs", "1093_Count_PATs\1093_Count_PATs.vcxproj", "{666D59E2-E756-467D-8B41-3B11A5630BA6}"
EndProject
Global
	GlobalSection(SolutionConfigurationPlatforms) = preSolution
		Debug|x64 = Debug|x64
		Debug|x86 = Debug|x86
		Release|x64 = Release|x64
		Release|x86 = Release|x86
	EndGlobalSection
	GlobalSection(ProjectConfigurationPlatforms) = postSolution
		{666D59E2-E756-467D-8B41-3B11A5630BA6}.Debug|x64.ActiveCfg = Debug|x64
		{666D59E2-E756-467D-8B41-3B11A5630BA6}.Debug|x64.Build.0 = Debug|x64
		{666D59E2-E756-467D-8B41-3B11A5630BA6}.Debug|x86.ActiveCfg = Debug|Win32
		{666D59E2-E756-467D-8B41-3B11A5630BA6}.Debug|x86.Build.0 = Debug|Win32
		{666D59E2-E756-467D-8B41-3B11A5630BA6}.Release|x64.ActiveCfg = Release|x64
		{666D59E2-E756-467D-8B41-3B11A5630BA6}.Release|x64.Build.0 = Release|x64
		{666D59E2-E756-467D-8B41-3B11A5630BA6}.Release|x86.ActiveCfg = Release|Win32
		{666D59E2-E756-467D-8B41-3B11A5630BA6}.Release|x86.Build.0 = Release|Win32
	EndGlobalSection
	GlobalSection(SolutionProperties) = preSolution
		HideSolutionNode = FALSE
	EndGlobalSection
	GlobalSection(ExtensibilityGlobals) = postSolution
		SolutionGuid = {381D09E1-77CA-4013-B474-DCADBBD3A23F}
	EndGlobalSection
EndGlobal
