
Microsoft Visual Studio Solution File, Format Version 12.00
# Visual Studio 15
VisualStudioVersion = 15.0.28307.852
MinimumVisualStudioVersion = 10.0.40219.1
Project("{8BC9CEB8-8B4A-11D0-8D11-00A0C91BC942}") = "1123_Is_It_a_Complete_AVL_Tree", "1123_Is_It_a_Complete_AVL_Tree\1123_Is_It_a_Complete_AVL_Tree.vcxproj", "{A3C7DA57-C1A7-4F22-AB0A-90312B59D895}"
EndProject
Global
	GlobalSection(SolutionConfigurationPlatforms) = preSolution
		Debug|x64 = Debug|x64
		Debug|x86 = Debug|x86
		Release|x64 = Release|x64
		Release|x86 = Release|x86
	EndGlobalSection
	GlobalSection(ProjectConfigurationPlatforms) = postSolution
		{A3C7DA57-C1A7-4F22-AB0A-90312B59D895}.Debug|x64.ActiveCfg = Debug|x64
		{A3C7DA57-C1A7-4F22-AB0A-90312B59D895}.Debug|x64.Build.0 = Debug|x64
		{A3C7DA57-C1A7-4F22-AB0A-90312B59D895}.Debug|x86.ActiveCfg = Debug|Win32
		{A3C7DA57-C1A7-4F22-AB0A-90312B59D895}.Debug|x86.Build.0 = Debug|Win32
		{A3C7DA57-C1A7-4F22-AB0A-90312B59D895}.Release|x64.ActiveCfg = Release|x64
		{A3C7DA57-C1A7-4F22-AB0A-90312B59D895}.Release|x64.Build.0 = Release|x64
		{A3C7DA57-C1A7-4F22-AB0A-90312B59D895}.Release|x86.ActiveCfg = Release|Win32
		{A3C7DA57-C1A7-4F22-AB0A-90312B59D895}.Release|x86.Build.0 = Release|Win32
	EndGlobalSection
	GlobalSection(SolutionProperties) = preSolution
		HideSolutionNode = FALSE
	EndGlobalSection
	GlobalSection(ExtensibilityGlobals) = postSolution
		SolutionGuid = {6DF0B9AD-3A2D-4F32-A705-E6B5694557B1}
	EndGlobalSection
EndGlobal
