
Microsoft Visual Studio Solution File, Format Version 12.00
# Visual Studio 15
VisualStudioVersion = 15.0.28307.852
MinimumVisualStudioVersion = 10.0.40219.1
Project("{8BC9CEB8-8B4A-11D0-8D11-00A0C91BC942}") = "1115_Counting_Nodes_in_a_BST", "1115_Counting_Nodes_in_a_BST\1115_Counting_Nodes_in_a_BST.vcxproj", "{EA4EB7A2-2159-40F5-B5C0-EAF0970C581F}"
EndProject
Global
	GlobalSection(SolutionConfigurationPlatforms) = preSolution
		Debug|x64 = Debug|x64
		Debug|x86 = Debug|x86
		Release|x64 = Release|x64
		Release|x86 = Release|x86
	EndGlobalSection
	GlobalSection(ProjectConfigurationPlatforms) = postSolution
		{EA4EB7A2-2159-40F5-B5C0-EAF0970C581F}.Debug|x64.ActiveCfg = Debug|x64
		{EA4EB7A2-2159-40F5-B5C0-EAF0970C581F}.Debug|x64.Build.0 = Debug|x64
		{EA4EB7A2-2159-40F5-B5C0-EAF0970C581F}.Debug|x86.ActiveCfg = Debug|Win32
		{EA4EB7A2-2159-40F5-B5C0-EAF0970C581F}.Debug|x86.Build.0 = Debug|Win32
		{EA4EB7A2-2159-40F5-B5C0-EAF0970C581F}.Release|x64.ActiveCfg = Release|x64
		{EA4EB7A2-2159-40F5-B5C0-EAF0970C581F}.Release|x64.Build.0 = Release|x64
		{EA4EB7A2-2159-40F5-B5C0-EAF0970C581F}.Release|x86.ActiveCfg = Release|Win32
		{EA4EB7A2-2159-40F5-B5C0-EAF0970C581F}.Release|x86.Build.0 = Release|Win32
	EndGlobalSection
	GlobalSection(SolutionProperties) = preSolution
		HideSolutionNode = FALSE
	EndGlobalSection
	GlobalSection(ExtensibilityGlobals) = postSolution
		SolutionGuid = {86D34781-0D9D-453E-803C-77B79E4B108D}
	EndGlobalSection
EndGlobal
