
Microsoft Visual Studio Solution File, Format Version 12.00
# Visual Studio 15
VisualStudioVersion = 15.0.28307.852
MinimumVisualStudioVersion = 10.0.40219.1
Project("{8BC9CEB8-8B4A-11D0-8D11-00A0C91BC942}") = "1104_Sum_of_Number_Segments", "1104_Sum_of_Number_Segments\1104_Sum_of_Number_Segments.vcxproj", "{837F58DF-7C7B-485A-82D8-858DDC389798}"
EndProject
Global
	GlobalSection(SolutionConfigurationPlatforms) = preSolution
		Debug|x64 = Debug|x64
		Debug|x86 = Debug|x86
		Release|x64 = Release|x64
		Release|x86 = Release|x86
	EndGlobalSection
	GlobalSection(ProjectConfigurationPlatforms) = postSolution
		{837F58DF-7C7B-485A-82D8-858DDC389798}.Debug|x64.ActiveCfg = Debug|x64
		{837F58DF-7C7B-485A-82D8-858DDC389798}.Debug|x64.Build.0 = Debug|x64
		{837F58DF-7C7B-485A-82D8-858DDC389798}.Debug|x86.ActiveCfg = Debug|Win32
		{837F58DF-7C7B-485A-82D8-858DDC389798}.Debug|x86.Build.0 = Debug|Win32
		{837F58DF-7C7B-485A-82D8-858DDC389798}.Release|x64.ActiveCfg = Release|x64
		{837F58DF-7C7B-485A-82D8-858DDC389798}.Release|x64.Build.0 = Release|x64
		{837F58DF-7C7B-485A-82D8-858DDC389798}.Release|x86.ActiveCfg = Release|Win32
		{837F58DF-7C7B-485A-82D8-858DDC389798}.Release|x86.Build.0 = Release|Win32
	EndGlobalSection
	GlobalSection(SolutionProperties) = preSolution
		HideSolutionNode = FALSE
	EndGlobalSection
	GlobalSection(ExtensibilityGlobals) = postSolution
		SolutionGuid = {1D03EA02-ABAA-4565-A7B1-BE26C1348A65}
	EndGlobalSection
EndGlobal
