
Microsoft Visual Studio Solution File, Format Version 12.00
# Visual Studio 15
VisualStudioVersion = 15.0.28307.852
MinimumVisualStudioVersion = 10.0.40219.1
Project("{8BC9CEB8-8B4A-11D0-8D11-00A0C91BC942}") = "1110_Complete_Binary_Tree", "1110_Complete_Binary_Tree\1110_Complete_Binary_Tree.vcxproj", "{46D17294-E5F1-4A3D-AFE6-51EDFD62CF6D}"
EndProject
Global
	GlobalSection(SolutionConfigurationPlatforms) = preSolution
		Debug|x64 = Debug|x64
		Debug|x86 = Debug|x86
		Release|x64 = Release|x64
		Release|x86 = Release|x86
	EndGlobalSection
	GlobalSection(ProjectConfigurationPlatforms) = postSolution
		{46D17294-E5F1-4A3D-AFE6-51EDFD62CF6D}.Debug|x64.ActiveCfg = Debug|x64
		{46D17294-E5F1-4A3D-AFE6-51EDFD62CF6D}.Debug|x64.Build.0 = Debug|x64
		{46D17294-E5F1-4A3D-AFE6-51EDFD62CF6D}.Debug|x86.ActiveCfg = Debug|Win32
		{46D17294-E5F1-4A3D-AFE6-51EDFD62CF6D}.Debug|x86.Build.0 = Debug|Win32
		{46D17294-E5F1-4A3D-AFE6-51EDFD62CF6D}.Release|x64.ActiveCfg = Release|x64
		{46D17294-E5F1-4A3D-AFE6-51EDFD62CF6D}.Release|x64.Build.0 = Release|x64
		{46D17294-E5F1-4A3D-AFE6-51EDFD62CF6D}.Release|x86.ActiveCfg = Release|Win32
		{46D17294-E5F1-4A3D-AFE6-51EDFD62CF6D}.Release|x86.Build.0 = Release|Win32
	EndGlobalSection
	GlobalSection(SolutionProperties) = preSolution
		HideSolutionNode = FALSE
	EndGlobalSection
	GlobalSection(ExtensibilityGlobals) = postSolution
		SolutionGuid = {785A6ACE-A5CC-4EF8-B92D-67DA318663FB}
	EndGlobalSection
EndGlobal
