
Microsoft Visual Studio Solution File, Format Version 12.00
# Visual Studio 15
VisualStudioVersion = 15.0.28307.852
MinimumVisualStudioVersion = 10.0.40219.1
Project("{8BC9CEB8-8B4A-11D0-8D11-00A0C91BC942}") = "1037_Magic_Coupon", "1037_Magic_Coupon\1037_Magic_Coupon.vcxproj", "{5B180FFA-D494-4EB8-A452-5F31303DF8C6}"
EndProject
Global
	GlobalSection(SolutionConfigurationPlatforms) = preSolution
		Debug|x64 = Debug|x64
		Debug|x86 = Debug|x86
		Release|x64 = Release|x64
		Release|x86 = Release|x86
	EndGlobalSection
	GlobalSection(ProjectConfigurationPlatforms) = postSolution
		{5B180FFA-D494-4EB8-A452-5F31303DF8C6}.Debug|x64.ActiveCfg = Debug|x64
		{5B180FFA-D494-4EB8-A452-5F31303DF8C6}.Debug|x64.Build.0 = Debug|x64
		{5B180FFA-D494-4EB8-A452-5F31303DF8C6}.Debug|x86.ActiveCfg = Debug|Win32
		{5B180FFA-D494-4EB8-A452-5F31303DF8C6}.Debug|x86.Build.0 = Debug|Win32
		{5B180FFA-D494-4EB8-A452-5F31303DF8C6}.Release|x64.ActiveCfg = Release|x64
		{5B180FFA-D494-4EB8-A452-5F31303DF8C6}.Release|x64.Build.0 = Release|x64
		{5B180FFA-D494-4EB8-A452-5F31303DF8C6}.Release|x86.ActiveCfg = Release|Win32
		{5B180FFA-D494-4EB8-A452-5F31303DF8C6}.Release|x86.Build.0 = Release|Win32
	EndGlobalSection
	GlobalSection(SolutionProperties) = preSolution
		HideSolutionNode = FALSE
	EndGlobalSection
	GlobalSection(ExtensibilityGlobals) = postSolution
		SolutionGuid = {F0592E14-D182-4ACE-925D-EA13DB7EDB93}
	EndGlobalSection
EndGlobal
