
Microsoft Visual Studio Solution File, Format Version 12.00
# Visual Studio 15
VisualStudioVersion = 15.0.28307.852
MinimumVisualStudioVersion = 10.0.40219.1
Project("{8BC9CEB8-8B4A-11D0-8D11-00A0C91BC942}") = "1018_Public_Bike_Management", "1018_Public_Bike_Management\1018_Public_Bike_Management.vcxproj", "{E46DB72F-690E-43A9-8F75-CDAFD89E3A9D}"
EndProject
Global
	GlobalSection(SolutionConfigurationPlatforms) = preSolution
		Debug|x64 = Debug|x64
		Debug|x86 = Debug|x86
		Release|x64 = Release|x64
		Release|x86 = Release|x86
	EndGlobalSection
	GlobalSection(ProjectConfigurationPlatforms) = postSolution
		{E46DB72F-690E-43A9-8F75-CDAFD89E3A9D}.Debug|x64.ActiveCfg = Debug|x64
		{E46DB72F-690E-43A9-8F75-CDAFD89E3A9D}.Debug|x64.Build.0 = Debug|x64
		{E46DB72F-690E-43A9-8F75-CDAFD89E3A9D}.Debug|x86.ActiveCfg = Debug|Win32
		{E46DB72F-690E-43A9-8F75-CDAFD89E3A9D}.Debug|x86.Build.0 = Debug|Win32
		{E46DB72F-690E-43A9-8F75-CDAFD89E3A9D}.Release|x64.ActiveCfg = Release|x64
		{E46DB72F-690E-43A9-8F75-CDAFD89E3A9D}.Release|x64.Build.0 = Release|x64
		{E46DB72F-690E-43A9-8F75-CDAFD89E3A9D}.Release|x86.ActiveCfg = Release|Win32
		{E46DB72F-690E-43A9-8F75-CDAFD89E3A9D}.Release|x86.Build.0 = Release|Win32
	EndGlobalSection
	GlobalSection(SolutionProperties) = preSolution
		HideSolutionNode = FALSE
	EndGlobalSection
	GlobalSection(ExtensibilityGlobals) = postSolution
		SolutionGuid = {A4AE9E01-34C4-47CA-BBF6-619B0B2E0270}
	EndGlobalSection
EndGlobal
