
Microsoft Visual Studio Solution File, Format Version 12.00
# Visual Studio 15
VisualStudioVersion = 15.0.28307.852
MinimumVisualStudioVersion = 10.0.40219.1
Project("{8BC9CEB8-8B4A-11D0-8D11-00A0C91BC942}") = "1098_Insertion_or_Heap_Sort", "1098_Insertion_or_Heap_Sort\1098_Insertion_or_Heap_Sort.vcxproj", "{23CD3049-B1C9-49FE-896F-F1049559EBBB}"
EndProject
Global
	GlobalSection(SolutionConfigurationPlatforms) = preSolution
		Debug|x64 = Debug|x64
		Debug|x86 = Debug|x86
		Release|x64 = Release|x64
		Release|x86 = Release|x86
	EndGlobalSection
	GlobalSection(ProjectConfigurationPlatforms) = postSolution
		{23CD3049-B1C9-49FE-896F-F1049559EBBB}.Debug|x64.ActiveCfg = Debug|x64
		{23CD3049-B1C9-49FE-896F-F1049559EBBB}.Debug|x64.Build.0 = Debug|x64
		{23CD3049-B1C9-49FE-896F-F1049559EBBB}.Debug|x86.ActiveCfg = Debug|Win32
		{23CD3049-B1C9-49FE-896F-F1049559EBBB}.Debug|x86.Build.0 = Debug|Win32
		{23CD3049-B1C9-49FE-896F-F1049559EBBB}.Release|x64.ActiveCfg = Release|x64
		{23CD3049-B1C9-49FE-896F-F1049559EBBB}.Release|x64.Build.0 = Release|x64
		{23CD3049-B1C9-49FE-896F-F1049559EBBB}.Release|x86.ActiveCfg = Release|Win32
		{23CD3049-B1C9-49FE-896F-F1049559EBBB}.Release|x86.Build.0 = Release|Win32
	EndGlobalSection
	GlobalSection(SolutionProperties) = preSolution
		HideSolutionNode = FALSE
	EndGlobalSection
	GlobalSection(ExtensibilityGlobals) = postSolution
		SolutionGuid = {AF6259EF-D9B5-4DC2-8194-01A5F2F6BDFE}
	EndGlobalSection
EndGlobal
