
Microsoft Visual Studio Solution File, Format Version 12.00
# Visual Studio 15
VisualStudioVersion = 15.0.28307.852
MinimumVisualStudioVersion = 10.0.40219.1
Project("{8BC9CEB8-8B4A-11D0-8D11-00A0C91BC942}") = "1119_Pre-_and_Post-order_Traversals", "1119_Pre-_and_Post-order_Traversals\1119_Pre-_and_Post-order_Traversals.vcxproj", "{BB6865CB-1B20-4F31-BA82-0BC046D8DDB7}"
EndProject
Global
	GlobalSection(SolutionConfigurationPlatforms) = preSolution
		Debug|x64 = Debug|x64
		Debug|x86 = Debug|x86
		Release|x64 = Release|x64
		Release|x86 = Release|x86
	EndGlobalSection
	GlobalSection(ProjectConfigurationPlatforms) = postSolution
		{BB6865CB-1B20-4F31-BA82-0BC046D8DDB7}.Debug|x64.ActiveCfg = Debug|x64
		{BB6865CB-1B20-4F31-BA82-0BC046D8DDB7}.Debug|x64.Build.0 = Debug|x64
		{BB6865CB-1B20-4F31-BA82-0BC046D8DDB7}.Debug|x86.ActiveCfg = Debug|Win32
		{BB6865CB-1B20-4F31-BA82-0BC046D8DDB7}.Debug|x86.Build.0 = Debug|Win32
		{BB6865CB-1B20-4F31-BA82-0BC046D8DDB7}.Release|x64.ActiveCfg = Release|x64
		{BB6865CB-1B20-4F31-BA82-0BC046D8DDB7}.Release|x64.Build.0 = Release|x64
		{BB6865CB-1B20-4F31-BA82-0BC046D8DDB7}.Release|x86.ActiveCfg = Release|Win32
		{BB6865CB-1B20-4F31-BA82-0BC046D8DDB7}.Release|x86.Build.0 = Release|Win32
	EndGlobalSection
	GlobalSection(SolutionProperties) = preSolution
		HideSolutionNode = FALSE
	EndGlobalSection
	GlobalSection(ExtensibilityGlobals) = postSolution
		SolutionGuid = {193B77B3-4001-4CE3-A9FB-8770E381AF8A}
	EndGlobalSection
EndGlobal
