
Microsoft Visual Studio Solution File, Format Version 12.00
# Visual Studio 15
VisualStudioVersion = 15.0.28307.852
MinimumVisualStudioVersion = 10.0.40219.1
Project("{8BC9CEB8-8B4A-11D0-8D11-00A0C91BC942}") = "1014_Waiting_in_Line", "1014_Waiting_in_Line\1014_Waiting_in_Line.vcxproj", "{2311B3FE-F1C8-48EB-8577-E4475E757AEA}"
EndProject
Global
	GlobalSection(SolutionConfigurationPlatforms) = preSolution
		Debug|x64 = Debug|x64
		Debug|x86 = Debug|x86
		Release|x64 = Release|x64
		Release|x86 = Release|x86
	EndGlobalSection
	GlobalSection(ProjectConfigurationPlatforms) = postSolution
		{2311B3FE-F1C8-48EB-8577-E4475E757AEA}.Debug|x64.ActiveCfg = Debug|x64
		{2311B3FE-F1C8-48EB-8577-E4475E757AEA}.Debug|x64.Build.0 = Debug|x64
		{2311B3FE-F1C8-48EB-8577-E4475E757AEA}.Debug|x86.ActiveCfg = Debug|Win32
		{2311B3FE-F1C8-48EB-8577-E4475E757AEA}.Debug|x86.Build.0 = Debug|Win32
		{2311B3FE-F1C8-48EB-8577-E4475E757AEA}.Release|x64.ActiveCfg = Release|x64
		{2311B3FE-F1C8-48EB-8577-E4475E757AEA}.Release|x64.Build.0 = Release|x64
		{2311B3FE-F1C8-48EB-8577-E4475E757AEA}.Release|x86.ActiveCfg = Release|Win32
		{2311B3FE-F1C8-48EB-8577-E4475E757AEA}.Release|x86.Build.0 = Release|Win32
	EndGlobalSection
	GlobalSection(SolutionProperties) = preSolution
		HideSolutionNode = FALSE
	EndGlobalSection
	GlobalSection(ExtensibilityGlobals) = postSolution
		SolutionGuid = {FEBA6E36-89C4-4AE1-9A46-1E0D80BAB183}
	EndGlobalSection
EndGlobal
